
Microsoft Visual Studio Solution File, Format Version 12.00
# Visual Studio Version 17
VisualStudioVersion = 17.0.31903.59
MinimumVisualStudioVersion = 10.0.40219.1
Project("{FAE04EC0-301F-11D3-BF4B-00C04F79EFBC}") = "API", "API\API.csproj", "{FC19E92C-6DE5-4100-A739-7D708F70D55F}"
EndProject
Global
	GlobalSection(SolutionConfigurationPlatforms) = preSolution
		Debug|Any CPU = Debug|Any CPU
		Release|Any CPU = Release|Any CPU
	EndGlobalSection
	GlobalSection(SolutionProperties) = preSolution
		HideSolutionNode = FALSE
	EndGlobalSection
	GlobalSection(ProjectConfigurationPlatforms) = postSolution
		{FC19E92C-6DE5-4100-A739-7D708F70D55F}.Debug|Any CPU.ActiveCfg = Debug|Any CPU
		{FC19E92C-6DE5-4100-A739-7D708F70D55F}.Debug|Any CPU.Build.0 = Debug|Any CPU
		{FC19E92C-6DE5-4100-A739-7D708F70D55F}.Release|Any CPU.ActiveCfg = Release|Any CPU
		{FC19E92C-6DE5-4100-A739-7D708F70D55F}.Release|Any CPU.Build.0 = Release|Any CPU
	EndGlobalSection
EndGlobal
